{
  "pins" : [
    {
      "identity" : "helpshiftx",
      "kind" : "remoteSourceControl",
      "location" : "https://github.com/helpshift/HelpshiftX",
      "state" : {
        "branch" : "main",
        "revision" : "f6563240ae7af1c864060d5accfef071702cf8d5"
      }
    }
  ],
  "version" : 2
}
